// !$*UTF8*$!
{
	archiveVersion = 1;
	classes = {
	};
	objectVersion = 46;
	objects = {

/* Begin PBXBuildFile section */
		27A8D5D016DD55F3002EC721 /* EEScene.m in Sources */ = {isa = PBXBuildFile; fileRef = 27A8D5CF16DD55F3002EC721 /* EEScene.m */; };
		27A8D5D616DD5A96002EC721 /* EESceneController.m in Sources */ = {isa = PBXBuildFile; fileRef = 27A8D5D516DD5A96002EC721 /* EESceneController.m */; };
		27A8D5D916DD5E98002EC721 /* EEShape.m in Sources */ = {isa = PBXBuildFile; fileRef = 27A8D5D816DD5E98002EC721 /* EEShape.m */; };
		27A8D5DC16DD6062002EC721 /* EETriangle.m in Sources */ = {isa = PBXBuildFile; fileRef = 27A8D5DB16DD6061002EC721 /* EETriangle.m */; };
		27A8D5DF16DD60D7002EC721 /* TriangleScene.m in Sources */ = {isa = PBXBuildFile; fileRef = 27A8D5DE16DD60D7002EC721 /* TriangleScene.m */; };
		27A8D5E216DD62EC002EC721 /* EERectangle.m in Sources */ = {isa = PBXBuildFile; fileRef = 27A8D5E116DD62EB002EC721 /* EERectangle.m */; };
		27A8D5E516DD63CD002EC721 /* RectangleScene.m in Sources */ = {isa = PBXBuildFile; fileRef = 27A8D5E416DD63CD002EC721 /* RectangleScene.m */; };
		27A8D5E816DD66E8002EC721 /* EEElipse.m in Sources */ = {isa = PBXBuildFile; fileRef = 27A8D5E716DD66E7002EC721 /* EEElipse.m */; };
		27A8D5EB16DD679A002EC721 /* EEElipseScene.m in Sources */ = {isa = PBXBuildFile; fileRef = 27A8D5EA16DD679A002EC721 /* EEElipseScene.m */; };
		27A8D5EE16DD6922002EC721 /* EERegularPolygon.m in Sources */ = {isa = PBXBuildFile; fileRef = 27A8D5ED16DD6921002EC721 /* EERegularPolygon.m */; };
		27A8D5F116DD69C6002EC721 /* RegularPolygonScene.m in Sources */ = {isa = PBXBuildFile; fileRef = 27A8D5F016DD69C6002EC721 /* RegularPolygonScene.m */; };
		27A8D60716DE975A002EC721 /* landscape.jpg in Resources */ = {isa = PBXBuildFile; fileRef = 27A8D60616DE975A002EC721 /* landscape.jpg */; };
		27A8D60A16DE9D48002EC721 /* LandscapeScene.m in Sources */ = {isa = PBXBuildFile; fileRef = 27A8D60916DE9D48002EC721 /* LandscapeScene.m */; };
		27A8D60D16DEA279002EC721 /* BeachBallScene.m in Sources */ = {isa = PBXBuildFile; fileRef = 27A8D60C16DEA279002EC721 /* BeachBallScene.m */; };
		27A8D61116DEA3C9002EC721 /* ball.jpg in Resources */ = {isa = PBXBuildFile; fileRef = 27A8D61016DEA3C9002EC721 /* ball.jpg */; };
		27A8D61316DEA5BE002EC721 /* triangle.jpg in Resources */ = {isa = PBXBuildFile; fileRef = 27A8D61216DEA5BE002EC721 /* triangle.jpg */; };
		27A8D61616DEA5F2002EC721 /* EquilateralTriangleScene.m in Sources */ = {isa = PBXBuildFile; fileRef = 27A8D61516DEA5F1002EC721 /* EquilateralTriangleScene.m */; };
		27A8D62516DEAC3D002EC721 /* EESprite.m in Sources */ = {isa = PBXBuildFile; fileRef = 27A8D62416DEAC3D002EC721 /* EESprite.m */; };
		27A8D62716DEAD1B002EC721 /* boy-sprite.png in Resources */ = {isa = PBXBuildFile; fileRef = 27A8D62616DEAD1B002EC721 /* boy-sprite.png */; };
		27A8D62A16DEAD46002EC721 /* SpriteScene.m in Sources */ = {isa = PBXBuildFile; fileRef = 27A8D62916DEAD46002EC721 /* SpriteScene.m */; };
		27A8D62D16DEC354002EC721 /* TreeScene.m in Sources */ = {isa = PBXBuildFile; fileRef = 27A8D62C16DEC354002EC721 /* TreeScene.m */; };
		27A8D63016DFB95B002EC721 /* Tree.m in Sources */ = {isa = PBXBuildFile; fileRef = 27A8D62F16DFB95B002EC721 /* Tree.m */; };
		27A8D63316DFBD61002EC721 /* ForestScene.m in Sources */ = {isa = PBXBuildFile; fileRef = 27A8D63216DFBD61002EC721 /* ForestScene.m */; };
		3C69616C13FAC12600540465 /* UIKit.framework in Frameworks */ = {isa = PBXBuildFile; fileRef = 3C69616B13FAC12600540465 /* UIKit.framework */; };
		3C69616E13FAC12600540465 /* Foundation.framework in Frameworks */ = {isa = PBXBuildFile; fileRef = 3C69616D13FAC12600540465 /* Foundation.framework */; };
		3C69617413FAC12600540465 /* InfoPlist.strings in Resources */ = {isa = PBXBuildFile; fileRef = 3C69617213FAC12600540465 /* InfoPlist.strings */; };
		3C69617613FAC12600540465 /* main.m in Sources */ = {isa = PBXBuildFile; fileRef = 3C69617513FAC12600540465 /* main.m */; };
		3C69617A13FAC12600540465 /* EEAppDelegate.m in Sources */ = {isa = PBXBuildFile; fileRef = 3C69617913FAC12600540465 /* EEAppDelegate.m */; };
		3C69618213FAC73200540465 /* GLKit.framework in Frameworks */ = {isa = PBXBuildFile; fileRef = 3C69618013FAC73200540465 /* GLKit.framework */; };
		3C69618313FAC73200540465 /* OpenGLES.framework in Frameworks */ = {isa = PBXBuildFile; fileRef = 3C69618113FAC73200540465 /* OpenGLES.framework */; };
		3C69618513FAC73700540465 /* QuartzCore.framework in Frameworks */ = {isa = PBXBuildFile; fileRef = 3C69618413FAC73700540465 /* QuartzCore.framework */; };
/* End PBXBuildFile section */

/* Begin PBXFileReference section */
		27A8D5CE16DD55F3002EC721 /* EEScene.h */ = {isa = PBXFileReference; fileEncoding = 4; lastKnownFileType = sourcecode.c.h; path = EEScene.h; sourceTree = "<group>"; };
		27A8D5CF16DD55F3002EC721 /* EEScene.m */ = {isa = PBXFileReference; fileEncoding = 4; lastKnownFileType = sourcecode.c.objc; path = EEScene.m; sourceTree = "<group>"; };
		27A8D5D416DD5A96002EC721 /* EESceneController.h */ = {isa = PBXFileReference; fileEncoding = 4; lastKnownFileType = sourcecode.c.h; path = EESceneController.h; sourceTree = "<group>"; };
		27A8D5D516DD5A96002EC721 /* EESceneController.m */ = {isa = PBXFileReference; fileEncoding = 4; lastKnownFileType = sourcecode.c.objc; path = EESceneController.m; sourceTree = "<group>"; };
		27A8D5D716DD5E97002EC721 /* EEShape.h */ = {isa = PBXFileReference; fileEncoding = 4; lastKnownFileType = sourcecode.c.h; path = EEShape.h; sourceTree = "<group>"; };
		27A8D5D816DD5E98002EC721 /* EEShape.m */ = {isa = PBXFileReference; fileEncoding = 4; lastKnownFileType = sourcecode.c.objc; path = EEShape.m; sourceTree = "<group>"; };
		27A8D5DA16DD6061002EC721 /* EETriangle.h */ = {isa = PBXFileReference; fileEncoding = 4; lastKnownFileType = sourcecode.c.h; path = EETriangle.h; sourceTree = "<group>"; };
		27A8D5DB16DD6061002EC721 /* EETriangle.m */ = {isa = PBXFileReference; fileEncoding = 4; lastKnownFileType = sourcecode.c.objc; path = EETriangle.m; sourceTree = "<group>"; };
		27A8D5DD16DD60D7002EC721 /* TriangleScene.h */ = {isa = PBXFileReference; fileEncoding = 4; lastKnownFileType = sourcecode.c.h; path = TriangleScene.h; sourceTree = "<group>"; };
		27A8D5DE16DD60D7002EC721 /* TriangleScene.m */ = {isa = PBXFileReference; fileEncoding = 4; lastKnownFileType = sourcecode.c.objc; path = TriangleScene.m; sourceTree = "<group>"; };
		27A8D5E016DD62EB002EC721 /* EERectangle.h */ = {isa = PBXFileReference; fileEncoding = 4; lastKnownFileType = sourcecode.c.h; path = EERectangle.h; sourceTree = "<group>"; };
		27A8D5E116DD62EB002EC721 /* EERectangle.m */ = {isa = PBXFileReference; fileEncoding = 4; lastKnownFileType = sourcecode.c.objc; path = EERectangle.m; sourceTree = "<group>"; };
		27A8D5E316DD63CD002EC721 /* RectangleScene.h */ = {isa = PBXFileReference; fileEncoding = 4; lastKnownFileType = sourcecode.c.h; path = RectangleScene.h; sourceTree = "<group>"; };
		27A8D5E416DD63CD002EC721 /* RectangleScene.m */ = {isa = PBXFileReference; fileEncoding = 4; lastKnownFileType = sourcecode.c.objc; path = RectangleScene.m; sourceTree = "<group>"; };
		27A8D5E616DD66E7002EC721 /* EEElipse.h */ = {isa = PBXFileReference; fileEncoding = 4; lastKnownFileType = sourcecode.c.h; path = EEElipse.h; sourceTree = "<group>"; };
		27A8D5E716DD66E7002EC721 /* EEElipse.m */ = {isa = PBXFileReference; fileEncoding = 4; lastKnownFileType = sourcecode.c.objc; path = EEElipse.m; sourceTree = "<group>"; };
		27A8D5E916DD6799002EC721 /* EEElipseScene.h */ = {isa = PBXFileReference; fileEncoding = 4; lastKnownFileType = sourcecode.c.h; path = EEElipseScene.h; sourceTree = "<group>"; };
		27A8D5EA16DD679A002EC721 /* EEElipseScene.m */ = {isa = PBXFileReference; fileEncoding = 4; lastKnownFileType = sourcecode.c.objc; path = EEElipseScene.m; sourceTree = "<group>"; };
		27A8D5EC16DD6921002EC721 /* EERegularPolygon.h */ = {isa = PBXFileReference; fileEncoding = 4; lastKnownFileType = sourcecode.c.h; path = EERegularPolygon.h; sourceTree = "<group>"; };
		27A8D5ED16DD6921002EC721 /* EERegularPolygon.m */ = {isa = PBXFileReference; fileEncoding = 4; lastKnownFileType = sourcecode.c.objc; path = EERegularPolygon.m; sourceTree = "<group>"; };
		27A8D5EF16DD69C5002EC721 /* RegularPolygonScene.h */ = {isa = PBXFileReference; fileEncoding = 4; lastKnownFileType = sourcecode.c.h; path = RegularPolygonScene.h; sourceTree = "<group>"; };
		27A8D5F016DD69C6002EC721 /* RegularPolygonScene.m */ = {isa = PBXFileReference; fileEncoding = 4; lastKnownFileType = sourcecode.c.objc; path = RegularPolygonScene.m; sourceTree = "<group>"; };
		27A8D60616DE975A002EC721 /* landscape.jpg */ = {isa = PBXFileReference; lastKnownFileType = image.jpeg; name = landscape.jpg; path = Assets/images/landscape.jpg; sourceTree = "<group>"; };
		27A8D60816DE9D47002EC721 /* LandscapeScene.h */ = {isa = PBXFileReference; fileEncoding = 4; lastKnownFileType = sourcecode.c.h; path = LandscapeScene.h; sourceTree = "<group>"; };
		27A8D60916DE9D48002EC721 /* LandscapeScene.m */ = {isa = PBXFileReference; fileEncoding = 4; lastKnownFileType = sourcecode.c.objc; path = LandscapeScene.m; sourceTree = "<group>"; };
		27A8D60B16DEA279002EC721 /* BeachBallScene.h */ = {isa = PBXFileReference; fileEncoding = 4; lastKnownFileType = sourcecode.c.h; path = BeachBallScene.h; sourceTree = "<group>"; };
		27A8D60C16DEA279002EC721 /* BeachBallScene.m */ = {isa = PBXFileReference; fileEncoding = 4; lastKnownFileType = sourcecode.c.objc; path = BeachBallScene.m; sourceTree = "<group>"; };
		27A8D60F16DEA34C002EC721 /* Constants.h */ = {isa = PBXFileReference; fileEncoding = 4; lastKnownFileType = sourcecode.c.h; path = Constants.h; sourceTree = "<group>"; };
		27A8D61016DEA3C9002EC721 /* ball.jpg */ = {isa = PBXFileReference; lastKnownFileType = image.jpeg; name = ball.jpg; path = Assets/images/ball.jpg; sourceTree = "<group>"; };
		27A8D61216DEA5BE002EC721 /* triangle.jpg */ = {isa = PBXFileReference; lastKnownFileType = image.jpeg; name = triangle.jpg; path = Assets/images/triangle.jpg; sourceTree = "<group>"; };
		27A8D61416DEA5F1002EC721 /* EquilateralTriangleScene.h */ = {isa = PBXFileReference; fileEncoding = 4; lastKnownFileType = sourcecode.c.h; path = EquilateralTriangleScene.h; sourceTree = "<group>"; };
		27A8D61516DEA5F1002EC721 /* EquilateralTriangleScene.m */ = {isa = PBXFileReference; fileEncoding = 4; lastKnownFileType = sourcecode.c.objc; path = EquilateralTriangleScene.m; sourceTree = "<group>"; };
		27A8D62316DEAC3D002EC721 /* EESprite.h */ = {isa = PBXFileReference; fileEncoding = 4; lastKnownFileType = sourcecode.c.h; path = EESprite.h; sourceTree = "<group>"; };
		27A8D62416DEAC3D002EC721 /* EESprite.m */ = {isa = PBXFileReference; fileEncoding = 4; lastKnownFileType = sourcecode.c.objc; path = EESprite.m; sourceTree = "<group>"; };
		27A8D62616DEAD1B002EC721 /* boy-sprite.png */ = {isa = PBXFileReference; lastKnownFileType = image.png; name = "boy-sprite.png"; path = "Assets/images/boy-sprite.png"; sourceTree = "<group>"; };
		27A8D62816DEAD45002EC721 /* SpriteScene.h */ = {isa = PBXFileReference; fileEncoding = 4; lastKnownFileType = sourcecode.c.h; path = SpriteScene.h; sourceTree = "<group>"; };
		27A8D62916DEAD46002EC721 /* SpriteScene.m */ = {isa = PBXFileReference; fileEncoding = 4; lastKnownFileType = sourcecode.c.objc; path = SpriteScene.m; sourceTree = "<group>"; };
		27A8D62B16DEC353002EC721 /* TreeScene.h */ = {isa = PBXFileReference; fileEncoding = 4; lastKnownFileType = sourcecode.c.h; path = TreeScene.h; sourceTree = "<group>"; };
		27A8D62C16DEC354002EC721 /* TreeScene.m */ = {isa = PBXFileReference; fileEncoding = 4; lastKnownFileType = sourcecode.c.objc; path = TreeScene.m; sourceTree = "<group>"; };
		27A8D62E16DFB95B002EC721 /* Tree.h */ = {isa = PBXFileReference; fileEncoding = 4; lastKnownFileType = sourcecode.c.h; path = Tree.h; sourceTree = "<group>"; };
		27A8D62F16DFB95B002EC721 /* Tree.m */ = {isa = PBXFileReference; fileEncoding = 4; lastKnownFileType = sourcecode.c.objc; path = Tree.m; sourceTree = "<group>"; };
		27A8D63116DFBD60002EC721 /* ForestScene.h */ = {isa = PBXFileReference; fileEncoding = 4; lastKnownFileType = sourcecode.c.h; path = ForestScene.h; sourceTree = "<group>"; };
		27A8D63216DFBD61002EC721 /* ForestScene.m */ = {isa = PBXFileReference; fileEncoding = 4; lastKnownFileType = sourcecode.c.objc; path = ForestScene.m; sourceTree = "<group>"; };
		3C69616713FAC12600540465 /* DS-OpenGL-Wrapper.app */ = {isa = PBXFileReference; explicitFileType = wrapper.application; includeInIndex = 0; path = "DS-OpenGL-Wrapper.app"; sourceTree = BUILT_PRODUCTS_DIR; };
		3C69616B13FAC12600540465 /* UIKit.framework */ = {isa = PBXFileReference; lastKnownFileType = wrapper.framework; name = UIKit.framework; path = System/Library/Frameworks/UIKit.framework; sourceTree = SDKROOT; };
		3C69616D13FAC12600540465 /* Foundation.framework */ = {isa = PBXFileReference; lastKnownFileType = wrapper.framework; name = Foundation.framework; path = System/Library/Frameworks/Foundation.framework; sourceTree = SDKROOT; };
		3C69617113FAC12600540465 /* DS-OpenGL-Wrapper-Info.plist */ = {isa = PBXFileReference; lastKnownFileType = text.plist.xml; path = "DS-OpenGL-Wrapper-Info.plist"; sourceTree = "<group>"; };
		3C69617313FAC12600540465 /* en */ = {isa = PBXFileReference; lastKnownFileType = text.plist.strings; name = en; path = en.lproj/InfoPlist.strings; sourceTree = "<group>"; };
		3C69617513FAC12600540465 /* main.m */ = {isa = PBXFileReference; lastKnownFileType = sourcecode.c.objc; path = main.m; sourceTree = "<group>"; };
		3C69617713FAC12600540465 /* DS-OpenGL-Wrapper-Prefix.pch */ = {isa = PBXFileReference; lastKnownFileType = sourcecode.c.h; path = "DS-OpenGL-Wrapper-Prefix.pch"; sourceTree = "<group>"; };
		3C69617813FAC12600540465 /* EEAppDelegate.h */ = {isa = PBXFileReference; lastKnownFileType = sourcecode.c.h; path = EEAppDelegate.h; sourceTree = "<group>"; };
		3C69617913FAC12600540465 /* EEAppDelegate.m */ = {isa = PBXFileReference; lastKnownFileType = sourcecode.c.objc; path = EEAppDelegate.m; sourceTree = "<group>"; };
		3C69618013FAC73200540465 /* GLKit.framework */ = {isa = PBXFileReference; lastKnownFileType = wrapper.framework; name = GLKit.framework; path = System/Library/Frameworks/GLKit.framework; sourceTree = SDKROOT; };
		3C69618113FAC73200540465 /* OpenGLES.framework */ = {isa = PBXFileReference; lastKnownFileType = wrapper.framework; name = OpenGLES.framework; path = System/Library/Frameworks/OpenGLES.framework; sourceTree = SDKROOT; };
		3C69618413FAC73700540465 /* QuartzCore.framework */ = {isa = PBXFileReference; lastKnownFileType = wrapper.framework; name = QuartzCore.framework; path = System/Library/Frameworks/QuartzCore.framework; sourceTree = SDKROOT; };
/* End PBXFileReference section */

/* Begin PBXFrameworksBuildPhase section */
		3C69616413FAC12600540465 /* Frameworks */ = {
			isa = PBXFrameworksBuildPhase;
			buildActionMask = 2147483647;
			files = (
				3C69618513FAC73700540465 /* QuartzCore.framework in Frameworks */,
				3C69618213FAC73200540465 /* GLKit.framework in Frameworks */,
				3C69618313FAC73200540465 /* OpenGLES.framework in Frameworks */,
				3C69616C13FAC12600540465 /* UIKit.framework in Frameworks */,
				3C69616E13FAC12600540465 /* Foundation.framework in Frameworks */,
			);
			runOnlyForDeploymentPostprocessing = 0;
		};
/* End PBXFrameworksBuildPhase section */

/* Begin PBXGroup section */
		27A8D5CD16DD55C4002EC721 /* Scenes */ = {
			isa = PBXGroup;
			children = (
				27A8D5CE16DD55F3002EC721 /* EEScene.h */,
				27A8D5CF16DD55F3002EC721 /* EEScene.m */,
				27A8D5DD16DD60D7002EC721 /* TriangleScene.h */,
				27A8D5DE16DD60D7002EC721 /* TriangleScene.m */,
				27A8D5E316DD63CD002EC721 /* RectangleScene.h */,
				27A8D5E416DD63CD002EC721 /* RectangleScene.m */,
				27A8D5E916DD6799002EC721 /* EEElipseScene.h */,
				27A8D5EA16DD679A002EC721 /* EEElipseScene.m */,
				27A8D5EF16DD69C5002EC721 /* RegularPolygonScene.h */,
				27A8D5F016DD69C6002EC721 /* RegularPolygonScene.m */,
				27A8D60816DE9D47002EC721 /* LandscapeScene.h */,
				27A8D60916DE9D48002EC721 /* LandscapeScene.m */,
				27A8D60B16DEA279002EC721 /* BeachBallScene.h */,
				27A8D60C16DEA279002EC721 /* BeachBallScene.m */,
				27A8D61416DEA5F1002EC721 /* EquilateralTriangleScene.h */,
				27A8D61516DEA5F1002EC721 /* EquilateralTriangleScene.m */,
				27A8D62816DEAD45002EC721 /* SpriteScene.h */,
				27A8D62916DEAD46002EC721 /* SpriteScene.m */,
				27A8D62B16DEC353002EC721 /* TreeScene.h */,
				27A8D62C16DEC354002EC721 /* TreeScene.m */,
				27A8D63116DFBD60002EC721 /* ForestScene.h */,
				27A8D63216DFBD61002EC721 /* ForestScene.m */,
			);
			name = Scenes;
			sourceTree = "<group>";
		};
		27A8D5F216DD6A22002EC721 /* Shapes */ = {
			isa = PBXGroup;
			children = (
				27A8D5D716DD5E97002EC721 /* EEShape.h */,
				27A8D5D816DD5E98002EC721 /* EEShape.m */,
				27A8D5E016DD62EB002EC721 /* EERectangle.h */,
				27A8D5E116DD62EB002EC721 /* EERectangle.m */,
				27A8D5DA16DD6061002EC721 /* EETriangle.h */,
				27A8D5DB16DD6061002EC721 /* EETriangle.m */,
				27A8D5E616DD66E7002EC721 /* EEElipse.h */,
				27A8D5E716DD66E7002EC721 /* EEElipse.m */,
				27A8D5EC16DD6921002EC721 /* EERegularPolygon.h */,
				27A8D5ED16DD6921002EC721 /* EERegularPolygon.m */,
				27A8D62E16DFB95B002EC721 /* Tree.h */,
				27A8D62F16DFB95B002EC721 /* Tree.m */,
			);
			name = Shapes;
			sourceTree = "<group>";
		};
		27A8D60516DE9740002EC721 /* assets */ = {
			isa = PBXGroup;
			children = (
				27A8D62616DEAD1B002EC721 /* boy-sprite.png */,
				27A8D61216DEA5BE002EC721 /* triangle.jpg */,
				27A8D61016DEA3C9002EC721 /* ball.jpg */,
				27A8D60616DE975A002EC721 /* landscape.jpg */,
			);
			name = assets;
			sourceTree = "<group>";
		};
		27A8D60E16DEA333002EC721 /* Helpers */ = {
			isa = PBXGroup;
			children = (
				27A8D60F16DEA34C002EC721 /* Constants.h */,
			);
			name = Helpers;
			sourceTree = "<group>";
		};
		3C69615C13FAC12600540465 = {
			isa = PBXGroup;
			children = (
				3C69616F13FAC12600540465 /* ExampleEngine */,
				3C69616A13FAC12600540465 /* Frameworks */,
				3C69616813FAC12600540465 /* Products */,
			);
			sourceTree = "<group>";
			wrapsLines = 0;
		};
		3C69616813FAC12600540465 /* Products */ = {
			isa = PBXGroup;
			children = (
				3C69616713FAC12600540465 /* DS-OpenGL-Wrapper.app */,
			);
			name = Products;
			sourceTree = "<group>";
		};
		3C69616A13FAC12600540465 /* Frameworks */ = {
			isa = PBXGroup;
			children = (
				3C69618413FAC73700540465 /* QuartzCore.framework */,
				3C69618013FAC73200540465 /* GLKit.framework */,
				3C69618113FAC73200540465 /* OpenGLES.framework */,
				3C69616B13FAC12600540465 /* UIKit.framework */,
				3C69616D13FAC12600540465 /* Foundation.framework */,
			);
			name = Frameworks;
			sourceTree = "<group>";
		};
		3C69616F13FAC12600540465 /* ExampleEngine */ = {
			isa = PBXGroup;
			children = (
				27A8D60E16DEA333002EC721 /* Helpers */,
				27A8D60516DE9740002EC721 /* assets */,
				27A8D5F216DD6A22002EC721 /* Shapes */,
				27A8D5CD16DD55C4002EC721 /* Scenes */,
				3C69617813FAC12600540465 /* EEAppDelegate.h */,
				3C69617913FAC12600540465 /* EEAppDelegate.m */,
				3C69617013FAC12600540465 /* Supporting Files */,
				27A8D5D416DD5A96002EC721 /* EESceneController.h */,
				27A8D5D516DD5A96002EC721 /* EESceneController.m */,
				27A8D62316DEAC3D002EC721 /* EESprite.h */,
				27A8D62416DEAC3D002EC721 /* EESprite.m */,
			);
			path = ExampleEngine;
			sourceTree = "<group>";
		};
		3C69617013FAC12600540465 /* Supporting Files */ = {
			isa = PBXGroup;
			children = (
				3C69617113FAC12600540465 /* DS-OpenGL-Wrapper-Info.plist */,
				3C69617213FAC12600540465 /* InfoPlist.strings */,
				3C69617513FAC12600540465 /* main.m */,
				3C69617713FAC12600540465 /* DS-OpenGL-Wrapper-Prefix.pch */,
			);
			name = "Supporting Files";
			sourceTree = "<group>";
		};
/* End PBXGroup section */

/* Begin PBXNativeTarget section */
		3C69616613FAC12600540465 /* DS-OpenGL-Wrapper */ = {
			isa = PBXNativeTarget;
			buildConfigurationList = 3C69617D13FAC12600540465 /* Build configuration list for PBXNativeTarget "DS-OpenGL-Wrapper" */;
			buildPhases = (
				3C69616313FAC12600540465 /* Sources */,
				3C69616413FAC12600540465 /* Frameworks */,
				3C69616513FAC12600540465 /* Resources */,
			);
			buildRules = (
			);
			dependencies = (
			);
			name = "DS-OpenGL-Wrapper";
			productName = ExampleEngine;
			productReference = 3C69616713FAC12600540465 /* DS-OpenGL-Wrapper.app */;
			productType = "com.apple.product-type.application";
		};
/* End PBXNativeTarget section */

/* Begin PBXProject section */
		3C69615E13FAC12600540465 /* Project object */ = {
			isa = PBXProject;
			attributes = {
				LastUpgradeCheck = 0420;
				ORGANIZATIONNAME = "Ian Terrell";
			};
			buildConfigurationList = 3C69616113FAC12600540465 /* Build configuration list for PBXProject "DS-OpenGL-Wrapper" */;
			compatibilityVersion = "Xcode 3.2";
			developmentRegion = English;
			hasScannedForEncodings = 0;
			knownRegions = (
				en,
			);
			mainGroup = 3C69615C13FAC12600540465;
			productRefGroup = 3C69616813FAC12600540465 /* Products */;
			projectDirPath = "";
			projectRoot = "";
			targets = (
				3C69616613FAC12600540465 /* DS-OpenGL-Wrapper */,
			);
		};
/* End PBXProject section */

/* Begin PBXResourcesBuildPhase section */
		3C69616513FAC12600540465 /* Resources */ = {
			isa = PBXResourcesBuildPhase;
			buildActionMask = 2147483647;
			files = (
				3C69617413FAC12600540465 /* InfoPlist.strings in Resources */,
				27A8D60716DE975A002EC721 /* landscape.jpg in Resources */,
				27A8D61116DEA3C9002EC721 /* ball.jpg in Resources */,
				27A8D61316DEA5BE002EC721 /* triangle.jpg in Resources */,
				27A8D62716DEAD1B002EC721 /* boy-sprite.png in Resources */,
			);
			runOnlyForDeploymentPostprocessing = 0;
		};
/* End PBXResourcesBuildPhase section */

/* Begin PBXSourcesBuildPhase section */
		3C69616313FAC12600540465 /* Sources */ = {
			isa = PBXSourcesBuildPhase;
			buildActionMask = 2147483647;
			files = (
				3C69617613FAC12600540465 /* main.m in Sources */,
				3C69617A13FAC12600540465 /* EEAppDelegate.m in Sources */,
				27A8D5D016DD55F3002EC721 /* EEScene.m in Sources */,
				27A8D5D616DD5A96002EC721 /* EESceneController.m in Sources */,
				27A8D5D916DD5E98002EC721 /* EEShape.m in Sources */,
				27A8D5DC16DD6062002EC721 /* EETriangle.m in Sources */,
				27A8D5DF16DD60D7002EC721 /* TriangleScene.m in Sources */,
				27A8D5E216DD62EC002EC721 /* EERectangle.m in Sources */,
				27A8D5E516DD63CD002EC721 /* RectangleScene.m in Sources */,
				27A8D5E816DD66E8002EC721 /* EEElipse.m in Sources */,
				27A8D5EB16DD679A002EC721 /* EEElipseScene.m in Sources */,
				27A8D5EE16DD6922002EC721 /* EERegularPolygon.m in Sources */,
				27A8D5F116DD69C6002EC721 /* RegularPolygonScene.m in Sources */,
				27A8D60A16DE9D48002EC721 /* LandscapeScene.m in Sources */,
				27A8D60D16DEA279002EC721 /* BeachBallScene.m in Sources */,
				27A8D61616DEA5F2002EC721 /* EquilateralTriangleScene.m in Sources */,
				27A8D62516DEAC3D002EC721 /* EESprite.m in Sources */,
				27A8D62A16DEAD46002EC721 /* SpriteScene.m in Sources */,
				27A8D62D16DEC354002EC721 /* TreeScene.m in Sources */,
				27A8D63016DFB95B002EC721 /* Tree.m in Sources */,
				27A8D63316DFBD61002EC721 /* ForestScene.m in Sources */,
			);
			runOnlyForDeploymentPostprocessing = 0;
		};
/* End PBXSourcesBuildPhase section */

/* Begin PBXVariantGroup section */
		3C69617213FAC12600540465 /* InfoPlist.strings */ = {
			isa = PBXVariantGroup;
			children = (
				3C69617313FAC12600540465 /* en */,
			);
			name = InfoPlist.strings;
			sourceTree = "<group>";
		};
/* End PBXVariantGroup section */

/* Begin XCBuildConfiguration section */
		3C69617B13FAC12600540465 /* Debug */ = {
			isa = XCBuildConfiguration;
			buildSettings = {
				ALWAYS_SEARCH_USER_PATHS = NO;
				ARCHS = "$(ARCHS_STANDARD_32_BIT)";
				CLANG_ENABLE_OBJC_ARC = YES;
				"CODE_SIGN_IDENTITY[sdk=iphoneos*]" = "iPhone Developer";
				COPY_PHASE_STRIP = NO;
				GCC_C_LANGUAGE_STANDARD = gnu99;
				GCC_DYNAMIC_NO_PIC = NO;
				GCC_OPTIMIZATION_LEVEL = 0;
				GCC_PREPROCESSOR_DEFINITIONS = (
					"DEBUG=1",
					"$(inherited)",
				);
				GCC_SYMBOLS_PRIVATE_EXTERN = NO;
				GCC_VERSION = com.apple.compilers.llvm.clang.1_0;
				GCC_WARN_ABOUT_MISSING_PROTOTYPES = YES;
				GCC_WARN_ABOUT_RETURN_TYPE = YES;
				GCC_WARN_UNUSED_VARIABLE = YES;
				IPHONEOS_DEPLOYMENT_TARGET = 5.0;
				SDKROOT = iphoneos;
				TARGETED_DEVICE_FAMILY = "1,2";
			};
			name = Debug;
		};
		3C69617C13FAC12600540465 /* Release */ = {
			isa = XCBuildConfiguration;
			buildSettings = {
				ALWAYS_SEARCH_USER_PATHS = NO;
				ARCHS = "$(ARCHS_STANDARD_32_BIT)";
				CLANG_ENABLE_OBJC_ARC = YES;
				"CODE_SIGN_IDENTITY[sdk=iphoneos*]" = "iPhone Developer";
				COPY_PHASE_STRIP = YES;
				GCC_C_LANGUAGE_STANDARD = gnu99;
				GCC_VERSION = com.apple.compilers.llvm.clang.1_0;
				GCC_WARN_ABOUT_MISSING_PROTOTYPES = YES;
				GCC_WARN_ABOUT_RETURN_TYPE = YES;
				GCC_WARN_UNUSED_VARIABLE = YES;
				IPHONEOS_DEPLOYMENT_TARGET = 5.0;
				OTHER_CFLAGS = "-DNS_BLOCK_ASSERTIONS=1";
				SDKROOT = iphoneos;
				TARGETED_DEVICE_FAMILY = "1,2";
				VALIDATE_PRODUCT = YES;
			};
			name = Release;
		};
		3C69617E13FAC12600540465 /* Debug */ = {
			isa = XCBuildConfiguration;
			buildSettings = {
				GCC_PRECOMPILE_PREFIX_HEADER = YES;
				GCC_PREFIX_HEADER = "ExampleEngine/DS-OpenGL-Wrapper-Prefix.pch";
				INFOPLIST_FILE = "ExampleEngine/DS-OpenGL-Wrapper-Info.plist";
				PRODUCT_NAME = "DS-OpenGL-Wrapper";
				WRAPPER_EXTENSION = app;
			};
			name = Debug;
		};
		3C69617F13FAC12600540465 /* Release */ = {
			isa = XCBuildConfiguration;
			buildSettings = {
				GCC_PRECOMPILE_PREFIX_HEADER = YES;
				GCC_PREFIX_HEADER = "ExampleEngine/DS-OpenGL-Wrapper-Prefix.pch";
				INFOPLIST_FILE = "ExampleEngine/DS-OpenGL-Wrapper-Info.plist";
				PRODUCT_NAME = "DS-OpenGL-Wrapper";
				WRAPPER_EXTENSION = app;
			};
			name = Release;
		};
/* End XCBuildConfiguration section */

/* Begin XCConfigurationList section */
		3C69616113FAC12600540465 /* Build configuration list for PBXProject "DS-OpenGL-Wrapper" */ = {
			isa = XCConfigurationList;
			buildConfigurations = (
				3C69617B13FAC12600540465 /* Debug */,
				3C69617C13FAC12600540465 /* Release */,
			);
			defaultConfigurationIsVisible = 0;
			defaultConfigurationName = Release;
		};
		3C69617D13FAC12600540465 /* Build configuration list for PBXNativeTarget "DS-OpenGL-Wrapper" */ = {
			isa = XCConfigurationList;
			buildConfigurations = (
				3C69617E13FAC12600540465 /* Debug */,
				3C69617F13FAC12600540465 /* Release */,
			);
			defaultConfigurationIsVisible = 0;
			defaultConfigurationName = Release;
		};
/* End XCConfigurationList section */
	};
	rootObject = 3C69615E13FAC12600540465 /* Project object */;
}
